// !$*UTF8*$!
{
	archiveVersion = 1;
	classes = {
	};
	objectVersion = 46;
	objects = {

/* Begin PBXBuildFile section */
		55919C9A1E5163A200446D7E /* main.m in Sources */ = {isa = PBXBuildFile; fileRef = 55919C991E5163A200446D7E /* main.m */; };
		55919C9D1E5163A200446D7E /* AppDelegate.m in Sources */ = {isa = PBXBuildFile; fileRef = 55919C9C1E5163A200446D7E /* AppDelegate.m */; };
		55919CA01E5163A200446D7E /* ViewController.m in Sources */ = {isa = PBXBuildFile; fileRef = 55919C9F1E5163A200446D7E /* ViewController.m */; };
		55919CA31E5163A200446D7E /* Main.storyboard in Resources */ = {isa = PBXBuildFile; fileRef = 55919CA11E5163A200446D7E /* Main.storyboard */; };
		55919CA51E5163A200446D7E /* Assets.xcassets in Resources */ = {isa = PBXBuildFile; fileRef = 55919CA41E5163A200446D7E /* Assets.xcassets */; };
		55919CA81E5163A200446D7E /* LaunchScreen.storyboard in Resources */ = {isa = PBXBuildFile; fileRef = 55919CA61E5163A200446D7E /* LaunchScreen.storyboard */; };
		55919CB31E5163A200446D7E /* LoginTests.m in Sources */ = {isa = PBXBuildFile; fileRef = 55919CB21E5163A200446D7E /* LoginTests.m */; };
		55919CBE1E5163A200446D7E /* LoginUITests.m in Sources */ = {isa = PBXBuildFile; fileRef = 55919CBD1E5163A200446D7E /* LoginUITests.m */; };
		55919CED1E51659F00446D7E /* NSString+Extension.m in Sources */ = {isa = PBXBuildFile; fileRef = 55919CCC1E51659F00446D7E /* NSString+Extension.m */; };
		55919CEE1E51659F00446D7E /* UIButton+ImageTitleStyle.m in Sources */ = {isa = PBXBuildFile; fileRef = 55919CCE1E51659F00446D7E /* UIButton+ImageTitleStyle.m */; };
		55919CEF1E51659F00446D7E /* FLNavigationViewController.m in Sources */ = {isa = PBXBuildFile; fileRef = 55919CD11E51659F00446D7E /* FLNavigationViewController.m */; };
		55919CF01E51659F00446D7E /* FlRootViewController.m in Sources */ = {isa = PBXBuildFile; fileRef = 55919CD31E51659F00446D7E /* FlRootViewController.m */; };
		55919CF11E51659F00446D7E /* FingerprintIdentification.m in Sources */ = {isa = PBXBuildFile; fileRef = 55919CD71E51659F00446D7E /* FingerprintIdentification.m */; };
		55919CF21E51659F00446D7E /* FLNumCountDown.m in Sources */ = {isa = PBXBuildFile; fileRef = 55919CD91E51659F00446D7E /* FLNumCountDown.m */; };
		55919CF31E51659F00446D7E /* SSKeychain.m in Sources */ = {isa = PBXBuildFile; fileRef = 55919CDB1E51659F00446D7E /* SSKeychain.m */; };
		55919CF41E51659F00446D7E /* FLAutoLogin.m in Sources */ = {isa = PBXBuildFile; fileRef = 55919CDD1E51659F00446D7E /* FLAutoLogin.m */; };
		55919CF51E51659F00446D7E /* FLLoginViewModel.m in Sources */ = {isa = PBXBuildFile; fileRef = 55919CE11E51659F00446D7E /* FLLoginViewModel.m */; };
		55919CF61E51659F00446D7E /* FLLoginView.m in Sources */ = {isa = PBXBuildFile; fileRef = 55919CE41E51659F00446D7E /* FLLoginView.m */; };
		55919CF71E51659F00446D7E /* LoginTextFiledView.m in Sources */ = {isa = PBXBuildFile; fileRef = 55919CE61E51659F00446D7E /* LoginTextFiledView.m */; };
		55919CF81E51659F00446D7E /* FLLoginViewController.m in Sources */ = {isa = PBXBuildFile; fileRef = 55919CEA1E51659F00446D7E /* FLLoginViewController.m */; };
		9BCB36C756622D7E0B8C9551 /* libPods-Login.a in Frameworks */ = {isa = PBXBuildFile; fileRef = 658B039F7C153031E65A3013 /* libPods-Login.a */; };
/* End PBXBuildFile section */

/* Begin PBXContainerItemProxy section */
		55919CAF1E5163A200446D7E /* PBXContainerItemProxy */ = {
			isa = PBXContainerItemProxy;
			containerPortal = 55919C8D1E5163A200446D7E /* Project object */;
			proxyType = 1;
			remoteGlobalIDString = 55919C941E5163A200446D7E;
			remoteInfo = Login;
		};
		55919CBA1E5163A200446D7E /* PBXContainerItemProxy */ = {
			isa = PBXContainerItemProxy;
			containerPortal = 55919C8D1E5163A200446D7E /* Project object */;
			proxyType = 1;
			remoteGlobalIDString = 55919C941E5163A200446D7E;
			remoteInfo = Login;
		};
/* End PBXContainerItemProxy section */

/* Begin PBXFileReference section */
		55919C951E5163A200446D7E /* Login.app */ = {isa = PBXFileReference; explicitFileType = wrapper.application; includeInIndex = 0; path = Login.app; sourceTree = BUILT_PRODUCTS_DIR; };
		55919C991E5163A200446D7E /* main.m */ = {isa = PBXFileReference; lastKnownFileType = sourcecode.c.objc; path = main.m; sourceTree = "<group>"; };
		55919C9B1E5163A200446D7E /* AppDelegate.h */ = {isa = PBXFileReference; lastKnownFileType = sourcecode.c.h; path = AppDelegate.h; sourceTree = "<group>"; };
		55919C9C1E5163A200446D7E /* AppDelegate.m */ = {isa = PBXFileReference; lastKnownFileType = sourcecode.c.objc; path = AppDelegate.m; sourceTree = "<group>"; };
		55919C9E1E5163A200446D7E /* ViewController.h */ = {isa = PBXFileReference; lastKnownFileType = sourcecode.c.h; path = ViewController.h; sourceTree = "<group>"; };
		55919C9F1E5163A200446D7E /* ViewController.m */ = {isa = PBXFileReference; lastKnownFileType = sourcecode.c.objc; path = ViewController.m; sourceTree = "<group>"; };
		55919CA21E5163A200446D7E /* Base */ = {isa = PBXFileReference; lastKnownFileType = file.storyboard; name = Base; path = Base.lproj/Main.storyboard; sourceTree = "<group>"; };
		55919CA41E5163A200446D7E /* Assets.xcassets */ = {isa = PBXFileReference; lastKnownFileType = folder.assetcatalog; path = Assets.xcassets; sourceTree = "<group>"; };
		55919CA71E5163A200446D7E /* Base */ = {isa = PBXFileReference; lastKnownFileType = file.storyboard; name = Base; path = Base.lproj/LaunchScreen.storyboard; sourceTree = "<group>"; };
		55919CA91E5163A200446D7E /* Info.plist */ = {isa = PBXFileReference; lastKnownFileType = text.plist.xml; path = Info.plist; sourceTree = "<group>"; };
		55919CAE1E5163A200446D7E /* LoginTests.xctest */ = {isa = PBXFileReference; explicitFileType = wrapper.cfbundle; includeInIndex = 0; path = LoginTests.xctest; sourceTree = BUILT_PRODUCTS_DIR; };
		55919CB21E5163A200446D7E /* LoginTests.m */ = {isa = PBXFileReference; lastKnownFileType = sourcecode.c.objc; path = LoginTests.m; sourceTree = "<group>"; };
		55919CB41E5163A200446D7E /* Info.plist */ = {isa = PBXFileReference; lastKnownFileType = text.plist.xml; path = Info.plist; sourceTree = "<group>"; };
		55919CB91E5163A200446D7E /* LoginUITests.xctest */ = {isa = PBXFileReference; explicitFileType = wrapper.cfbundle; includeInIndex = 0; path = LoginUITests.xctest; sourceTree = BUILT_PRODUCTS_DIR; };
		55919CBD1E5163A200446D7E /* LoginUITests.m */ = {isa = PBXFileReference; lastKnownFileType = sourcecode.c.objc; path = LoginUITests.m; sourceTree = "<group>"; };
		55919CBF1E5163A200446D7E /* Info.plist */ = {isa = PBXFileReference; lastKnownFileType = text.plist.xml; path = Info.plist; sourceTree = "<group>"; };
		55919CCB1E51659F00446D7E /* NSString+Extension.h */ = {isa = PBXFileReference; fileEncoding = 4; lastKnownFileType = sourcecode.c.h; path = "NSString+Extension.h"; sourceTree = "<group>"; };
		55919CCC1E51659F00446D7E /* NSString+Extension.m */ = {isa = PBXFileReference; fileEncoding = 4; lastKnownFileType = sourcecode.c.objc; path = "NSString+Extension.m"; sourceTree = "<group>"; };
		55919CCD1E51659F00446D7E /* UIButton+ImageTitleStyle.h */ = {isa = PBXFileReference; fileEncoding = 4; lastKnownFileType = sourcecode.c.h; path = "UIButton+ImageTitleStyle.h"; sourceTree = "<group>"; };
		55919CCE1E51659F00446D7E /* UIButton+ImageTitleStyle.m */ = {isa = PBXFileReference; fileEncoding = 4; lastKnownFileType = sourcecode.c.objc; path = "UIButton+ImageTitleStyle.m"; sourceTree = "<group>"; };
		55919CD01E51659F00446D7E /* FLNavigationViewController.h */ = {isa = PBXFileReference; fileEncoding = 4; lastKnownFileType = sourcecode.c.h; path = FLNavigationViewController.h; sourceTree = "<group>"; };
		55919CD11E51659F00446D7E /* FLNavigationViewController.m */ = {isa = PBXFileReference; fileEncoding = 4; lastKnownFileType = sourcecode.c.objc; path = FLNavigationViewController.m; sourceTree = "<group>"; };
		55919CD21E51659F00446D7E /* FlRootViewController.h */ = {isa = PBXFileReference; fileEncoding = 4; lastKnownFileType = sourcecode.c.h; path = FlRootViewController.h; sourceTree = "<group>"; };
		55919CD31E51659F00446D7E /* FlRootViewController.m */ = {isa = PBXFileReference; fileEncoding = 4; lastKnownFileType = sourcecode.c.objc; path = FlRootViewController.m; sourceTree = "<group>"; };
		55919CD61E51659F00446D7E /* FingerprintIdentification.h */ = {isa = PBXFileReference; fileEncoding = 4; lastKnownFileType = sourcecode.c.h; path = FingerprintIdentification.h; sourceTree = "<group>"; };
		55919CD71E51659F00446D7E /* FingerprintIdentification.m */ = {isa = PBXFileReference; fileEncoding = 4; lastKnownFileType = sourcecode.c.objc; path = FingerprintIdentification.m; sourceTree = "<group>"; };
		55919CD81E51659F00446D7E /* FLNumCountDown.h */ = {isa = PBXFileReference; fileEncoding = 4; lastKnownFileType = sourcecode.c.h; path = FLNumCountDown.h; sourceTree = "<group>"; };
		55919CD91E51659F00446D7E /* FLNumCountDown.m */ = {isa = PBXFileReference; fileEncoding = 4; lastKnownFileType = sourcecode.c.objc; path = FLNumCountDown.m; sourceTree = "<group>"; };
		55919CDA1E51659F00446D7E /* SSKeychain.h */ = {isa = PBXFileReference; fileEncoding = 4; lastKnownFileType = sourcecode.c.h; path = SSKeychain.h; sourceTree = "<group>"; };
		55919CDB1E51659F00446D7E /* SSKeychain.m */ = {isa = PBXFileReference; fileEncoding = 4; lastKnownFileType = sourcecode.c.objc; path = SSKeychain.m; sourceTree = "<group>"; };
		55919CDC1E51659F00446D7E /* FLAutoLogin.h */ = {isa = PBXFileReference; fileEncoding = 4; lastKnownFileType = sourcecode.c.h; path = FLAutoLogin.h; sourceTree = "<group>"; };
		55919CDD1E51659F00446D7E /* FLAutoLogin.m */ = {isa = PBXFileReference; fileEncoding = 4; lastKnownFileType = sourcecode.c.objc; path = FLAutoLogin.m; sourceTree = "<group>"; };
		55919CE01E51659F00446D7E /* FLLoginViewModel.h */ = {isa = PBXFileReference; fileEncoding = 4; lastKnownFileType = sourcecode.c.h; path = FLLoginViewModel.h; sourceTree = "<group>"; };
		55919CE11E51659F00446D7E /* FLLoginViewModel.m */ = {isa = PBXFileReference; fileEncoding = 4; lastKnownFileType = sourcecode.c.objc; path = FLLoginViewModel.m; sourceTree = "<group>"; };
		55919CE31E51659F00446D7E /* FLLoginView.h */ = {isa = PBXFileReference; fileEncoding = 4; lastKnownFileType = sourcecode.c.h; path = FLLoginView.h; sourceTree = "<group>"; };
		55919CE41E51659F00446D7E /* FLLoginView.m */ = {isa = PBXFileReference; fileEncoding = 4; lastKnownFileType = sourcecode.c.objc; path = FLLoginView.m; sourceTree = "<group>"; };
		55919CE51E51659F00446D7E /* LoginTextFiledView.h */ = {isa = PBXFileReference; fileEncoding = 4; lastKnownFileType = sourcecode.c.h; path = LoginTextFiledView.h; sourceTree = "<group>"; };
		55919CE61E51659F00446D7E /* LoginTextFiledView.m */ = {isa = PBXFileReference; fileEncoding = 4; lastKnownFileType = sourcecode.c.objc; path = LoginTextFiledView.m; sourceTree = "<group>"; };
		55919CE91E51659F00446D7E /* FLLoginViewController.h */ = {isa = PBXFileReference; fileEncoding = 4; lastKnownFileType = sourcecode.c.h; path = FLLoginViewController.h; sourceTree = "<group>"; };
		55919CEA1E51659F00446D7E /* FLLoginViewController.m */ = {isa = PBXFileReference; fileEncoding = 4; lastKnownFileType = sourcecode.c.objc; path = FLLoginViewController.m; sourceTree = "<group>"; };
		55919CF91E5165B100446D7E /* FLHeader.pch */ = {isa = PBXFileReference; fileEncoding = 4; lastKnownFileType = sourcecode.c.h; path = FLHeader.pch; sourceTree = "<group>"; };
		55919CFA1E5165B100446D7E /* FLProjectBase_Const.h */ = {isa = PBXFileReference; fileEncoding = 4; lastKnownFileType = sourcecode.c.h; path = FLProjectBase_Const.h; sourceTree = "<group>"; };
		658B039F7C153031E65A3013 /* libPods-Login.a */ = {isa = PBXFileReference; explicitFileType = archive.ar; includeInIndex = 0; path = "libPods-Login.a"; sourceTree = BUILT_PRODUCTS_DIR; };
		65EC1D0E0BB50E5D195EC1AE /* Pods-Login.release.xcconfig */ = {isa = PBXFileReference; includeInIndex = 1; lastKnownFileType = text.xcconfig; name = "Pods-Login.release.xcconfig"; path = "Pods/Target Support Files/Pods-Login/Pods-Login.release.xcconfig"; sourceTree = "<group>"; };
		6FBDB1F3DAECBDFED4104DE7 /* Pods-Login.debug.xcconfig */ = {isa = PBXFileReference; includeInIndex = 1; lastKnownFileType = text.xcconfig; name = "Pods-Login.debug.xcconfig"; path = "Pods/Target Support Files/Pods-Login/Pods-Login.debug.xcconfig"; sourceTree = "<group>"; };
/* End PBXFileReference section */

/* Begin PBXFrameworksBuildPhase section */
		55919C921E5163A200446D7E /* Frameworks */ = {
			isa = PBXFrameworksBuildPhase;
			buildActionMask = 2147483647;
			files = (
				9BCB36C756622D7E0B8C9551 /* libPods-Login.a in Frameworks */,
			);
			runOnlyForDeploymentPostprocessing = 0;
		};
		55919CAB1E5163A200446D7E /* Frameworks */ = {
			isa = PBXFrameworksBuildPhase;
			buildActionMask = 2147483647;
			files = (
			);
			runOnlyForDeploymentPostprocessing = 0;
		};
		55919CB61E5163A200446D7E /* Frameworks */ = {
			isa = PBXFrameworksBuildPhase;
			buildActionMask = 2147483647;
			files = (
			);
			runOnlyForDeploymentPostprocessing = 0;
		};
/* End PBXFrameworksBuildPhase section */

/* Begin PBXGroup section */
		121305D800EFC3ADE8D13815 /* Pods */ = {
			isa = PBXGroup;
			children = (
				6FBDB1F3DAECBDFED4104DE7 /* Pods-Login.debug.xcconfig */,
				65EC1D0E0BB50E5D195EC1AE /* Pods-Login.release.xcconfig */,
			);
			name = Pods;
			sourceTree = "<group>";
		};
		361056ABFDAE18E3E3D2B1C6 /* Frameworks */ = {
			isa = PBXGroup;
			children = (
				658B039F7C153031E65A3013 /* libPods-Login.a */,
			);
			name = Frameworks;
			sourceTree = "<group>";
		};
		55919C8C1E5163A200446D7E = {
			isa = PBXGroup;
			children = (
				55919C971E5163A200446D7E /* Login */,
				55919CB11E5163A200446D7E /* LoginTests */,
				55919CBC1E5163A200446D7E /* LoginUITests */,
				55919C961E5163A200446D7E /* Products */,
				121305D800EFC3ADE8D13815 /* Pods */,
				361056ABFDAE18E3E3D2B1C6 /* Frameworks */,
			);
			sourceTree = "<group>";
		};
		55919C961E5163A200446D7E /* Products */ = {
			isa = PBXGroup;
			children = (
				55919C951E5163A200446D7E /* Login.app */,
				55919CAE1E5163A200446D7E /* LoginTests.xctest */,
				55919CB91E5163A200446D7E /* LoginUITests.xctest */,
			);
			name = Products;
			sourceTree = "<group>";
		};
		55919C971E5163A200446D7E /* Login */ = {
			isa = PBXGroup;
			children = (
				55919CD51E51659F00446D7E /* ProjectBase */,
				55919CCF1E51659F00446D7E /* FLTools */,
				55919CEC1E51659F00446D7E /* FLLoginAndSetting */,
				55919C9B1E5163A200446D7E /* AppDelegate.h */,
				55919C9C1E5163A200446D7E /* AppDelegate.m */,
				55919CF91E5165B100446D7E /* FLHeader.pch */,
				55919CFA1E5165B100446D7E /* FLProjectBase_Const.h */,
				55919C9E1E5163A200446D7E /* ViewController.h */,
				55919C9F1E5163A200446D7E /* ViewController.m */,
				55919CA11E5163A200446D7E /* Main.storyboard */,
				55919CA41E5163A200446D7E /* Assets.xcassets */,
				55919CA61E5163A200446D7E /* LaunchScreen.storyboard */,
				55919CA91E5163A200446D7E /* Info.plist */,
				55919C981E5163A200446D7E /* Supporting Files */,
			);
			path = Login;
			sourceTree = "<group>";
		};
		55919C981E5163A200446D7E /* Supporting Files */ = {
			isa = PBXGroup;
			children = (
				55919C991E5163A200446D7E /* main.m */,
			);
			name = "Supporting Files";
			sourceTree = "<group>";
		};
		55919CB11E5163A200446D7E /* LoginTests */ = {
			isa = PBXGroup;
			children = (
				55919CB21E5163A200446D7E /* LoginTests.m */,
				55919CB41E5163A200446D7E /* Info.plist */,
			);
			path = LoginTests;
			sourceTree = "<group>";
		};
		55919CBC1E5163A200446D7E /* LoginUITests */ = {
			isa = PBXGroup;
			children = (
				55919CBD1E5163A200446D7E /* LoginUITests.m */,
				55919CBF1E5163A200446D7E /* Info.plist */,
			);
			path = LoginUITests;
			sourceTree = "<group>";
		};
		55919CCF1E51659F00446D7E /* FLTools */ = {
			isa = PBXGroup;
			children = (
				55919CCB1E51659F00446D7E /* NSString+Extension.h */,
				55919CCC1E51659F00446D7E /* NSString+Extension.m */,
				55919CCD1E51659F00446D7E /* UIButton+ImageTitleStyle.h */,
				55919CCE1E51659F00446D7E /* UIButton+ImageTitleStyle.m */,
			);
			name = FLTools;
			path = ../../../../Login/Login/FLTools;
			sourceTree = "<group>";
		};
		55919CD41E51659F00446D7E /* ProjectBaseViewController */ = {
			isa = PBXGroup;
			children = (
				55919CD01E51659F00446D7E /* FLNavigationViewController.h */,
				55919CD11E51659F00446D7E /* FLNavigationViewController.m */,
				55919CD21E51659F00446D7E /* FlRootViewController.h */,
				55919CD31E51659F00446D7E /* FlRootViewController.m */,
			);
			path = ProjectBaseViewController;
			sourceTree = "<group>";
		};
		55919CD51E51659F00446D7E /* ProjectBase */ = {
			isa = PBXGroup;
			children = (
				55919CD41E51659F00446D7E /* ProjectBaseViewController */,
			);
			name = ProjectBase;
			path = ../../../../Login/Login/ProjectBase;
			sourceTree = "<group>";
		};
		55919CDE1E51659F00446D7E /* FLLoginTools */ = {
			isa = PBXGroup;
			children = (
				55919CD61E51659F00446D7E /* FingerprintIdentification.h */,
				55919CD71E51659F00446D7E /* FingerprintIdentification.m */,
				55919CD81E51659F00446D7E /* FLNumCountDown.h */,
				55919CD91E51659F00446D7E /* FLNumCountDown.m */,
				55919CDA1E51659F00446D7E /* SSKeychain.h */,
				55919CDB1E51659F00446D7E /* SSKeychain.m */,
				55919CDC1E51659F00446D7E /* FLAutoLogin.h */,
				55919CDD1E51659F00446D7E /* FLAutoLogin.m */,
			);
			path = FLLoginTools;
			sourceTree = "<group>";
		};
		55919CDF1E51659F00446D7E /* FLResource */ = {
			isa = PBXGroup;
			children = (
			);
			path = FLResource;
			sourceTree = "<group>";
		};
		55919CE21E51659F00446D7E /* FLViewModel */ = {
			isa = PBXGroup;
			children = (
				55919CE01E51659F00446D7E /* FLLoginViewModel.h */,
				55919CE11E51659F00446D7E /* FLLoginViewModel.m */,
			);
			path = FLViewModel;
			sourceTree = "<group>";
		};
		55919CE71E51659F00446D7E /* FLViews */ = {
			isa = PBXGroup;
			children = (
				55919CE31E51659F00446D7E /* FLLoginView.h */,
				55919CE41E51659F00446D7E /* FLLoginView.m */,
				55919CE51E51659F00446D7E /* LoginTextFiledView.h */,
				55919CE61E51659F00446D7E /* LoginTextFiledView.m */,
			);
			path = FLViews;
			sourceTree = "<group>";
		};
		55919CE81E51659F00446D7E /* FLModel */ = {
			isa = PBXGroup;
			children = (
			);
			path = FLModel;
			sourceTree = "<group>";
		};
		55919CEB1E51659F00446D7E /* FLController */ = {
			isa = PBXGroup;
			children = (
				55919CE91E51659F00446D7E /* FLLoginViewController.h */,
				55919CEA1E51659F00446D7E /* FLLoginViewController.m */,
			);
			path = FLController;
			sourceTree = "<group>";
		};
		55919CEC1E51659F00446D7E /* FLLoginAndSetting */ = {
			isa = PBXGroup;
			children = (
				55919CDE1E51659F00446D7E /* FLLoginTools */,
				55919CDF1E51659F00446D7E /* FLResource */,
				55919CE21E51659F00446D7E /* FLViewModel */,
				55919CE71E51659F00446D7E /* FLViews */,
				55919CE81E51659F00446D7E /* FLModel */,
				55919CEB1E51659F00446D7E /* FLController */,
			);
			name = FLLoginAndSetting;
			path = ../../../../Login/Login/FLLoginAndSetting;
			sourceTree = "<group>";
		};
/* End PBXGroup section */

/* Begin PBXNativeTarget section */
		55919C941E5163A200446D7E /* Login */ = {
			isa = PBXNativeTarget;
			buildConfigurationList = 55919CC21E5163A200446D7E /* Build configuration list for PBXNativeTarget "Login" */;
			buildPhases = (
				7AD9447F1C212BC5D36C2203 /* [CP] Check Pods Manifest.lock */,
				55919C911E5163A200446D7E /* Sources */,
				55919C921E5163A200446D7E /* Frameworks */,
				55919C931E5163A200446D7E /* Resources */,
				D6D559F5EC1485B18E6E9E78 /* [CP] Embed Pods Frameworks */,
				7C00164001E7A59AE56C52ED /* [CP] Copy Pods Resources */,
			);
			buildRules = (
			);
			dependencies = (
			);
			name = Login;
			productName = Login;
			productReference = 55919C951E5163A200446D7E /* Login.app */;
			productType = "com.apple.product-type.application";
		};
		55919CAD1E5163A200446D7E /* LoginTests */ = {
			isa = PBXNativeTarget;
			buildConfigurationList = 55919CC51E5163A200446D7E /* Build configuration list for PBXNativeTarget "LoginTests" */;
			buildPhases = (
				55919CAA1E5163A200446D7E /* Sources */,
				55919CAB1E5163A200446D7E /* Frameworks */,
				55919CAC1E5163A200446D7E /* Resources */,
			);
			buildRules = (
			);
			dependencies = (
				55919CB01E5163A200446D7E /* PBXTargetDependency */,
			);
			name = LoginTests;
			productName = LoginTests;
			productReference = 55919CAE1E5163A200446D7E /* LoginTests.xctest */;
			productType = "com.apple.product-type.bundle.unit-test";
		};
		55919CB81E5163A200446D7E /* LoginUITests */ = {
			isa = PBXNativeTarget;
			buildConfigurationList = 55919CC81E5163A200446D7E /* Build configuration list for PBXNativeTarget "LoginUITests" */;
			buildPhases = (
				55919CB51E5163A200446D7E /* Sources */,
				55919CB61E5163A200446D7E /* Frameworks */,
				55919CB71E5163A200446D7E /* Resources */,
			);
			buildRules = (
			);
			dependencies = (
				55919CBB1E5163A200446D7E /* PBXTargetDependency */,
			);
			name = LoginUITests;
			productName = LoginUITests;
			productReference = 55919CB91E5163A200446D7E /* LoginUITests.xctest */;
			productType = "com.apple.product-type.bundle.ui-testing";
		};
/* End PBXNativeTarget section */

/* Begin PBXProject section */
		55919C8D1E5163A200446D7E /* Project object */ = {
			isa = PBXProject;
			attributes = {
				LastUpgradeCheck = 0730;
				ORGANIZATIONNAME = ZZLing;
				TargetAttributes = {
					55919C941E5163A200446D7E = {
						CreatedOnToolsVersion = 7.3.1;
					};
					55919CAD1E5163A200446D7E = {
						CreatedOnToolsVersion = 7.3.1;
						TestTargetID = 55919C941E5163A200446D7E;
					};
					55919CB81E5163A200446D7E = {
						CreatedOnToolsVersion = 7.3.1;
						TestTargetID = 55919C941E5163A200446D7E;
					};
				};
			};
			buildConfigurationList = 55919C901E5163A200446D7E /* Build configuration list for PBXProject "Login" */;
			compatibilityVersion = "Xcode 3.2";
			developmentRegion = English;
			hasScannedForEncodings = 0;
			knownRegions = (
				en,
				Base,
			);
			mainGroup = 55919C8C1E5163A200446D7E;
			productRefGroup = 55919C961E5163A200446D7E /* Products */;
			projectDirPath = "";
			projectRoot = "";
			targets = (
				55919C941E5163A200446D7E /* Login */,
				55919CAD1E5163A200446D7E /* LoginTests */,
				55919CB81E5163A200446D7E /* LoginUITests */,
			);
		};
/* End PBXProject section */

/* Begin PBXResourcesBuildPhase section */
		55919C931E5163A200446D7E /* Resources */ = {
			isa = PBXResourcesBuildPhase;
			buildActionMask = 2147483647;
			files = (
				55919CA81E5163A200446D7E /* LaunchScreen.storyboard in Resources */,
				55919CA51E5163A200446D7E /* Assets.xcassets in Resources */,
				55919CA31E5163A200446D7E /* Main.storyboard in Resources */,
			);
			runOnlyForDeploymentPostprocessing = 0;
		};
		55919CAC1E5163A200446D7E /* Resources */ = {
			isa = PBXResourcesBuildPhase;
			buildActionMask = 2147483647;
			files = (
			);
			runOnlyForDeploymentPostprocessing = 0;
		};
		55919CB71E5163A200446D7E /* Resources */ = {
			isa = PBXResourcesBuildPhase;
			buildActionMask = 2147483647;
			files = (
			);
			runOnlyForDeploymentPostprocessing = 0;
		};
/* End PBXResourcesBuildPhase section */

/* Begin PBXShellScriptBuildPhase section */
		7AD9447F1C212BC5D36C2203 /* [CP] Check Pods Manifest.lock */ = {
			isa = PBXShellScriptBuildPhase;
			buildActionMask = 2147483647;
			files = (
			);
			inputPaths = (
			);
			name = "[CP] Check Pods Manifest.lock";
			outputPaths = (
			);
			runOnlyForDeploymentPostprocessing = 0;
			shellPath = /bin/sh;
			shellScript = "diff \"${PODS_ROOT}/../Podfile.lock\" \"${PODS_ROOT}/Manifest.lock\" > /dev/null\nif [ $? != 0 ] ; then\n    # print error to STDERR\n    echo \"error: The sandbox is not in sync with the Podfile.lock. Run 'pod install' or update your CocoaPods installation.\" >&2\n    exit 1\nfi\n";
			showEnvVarsInLog = 0;
		};
		7C00164001E7A59AE56C52ED /* [CP] Copy Pods Resources */ = {
			isa = PBXShellScriptBuildPhase;
			buildActionMask = 2147483647;
			files = (
			);
			inputPaths = (
			);
			name = "[CP] Copy Pods Resources";
			outputPaths = (
			);
			runOnlyForDeploymentPostprocessing = 0;
			shellPath = /bin/sh;
			shellScript = "\"${SRCROOT}/Pods/Target Support Files/Pods-Login/Pods-Login-resources.sh\"\n";
			showEnvVarsInLog = 0;
		};
		D6D559F5EC1485B18E6E9E78 /* [CP] Embed Pods Frameworks */ = {
			isa = PBXShellScriptBuildPhase;
			buildActionMask = 2147483647;
			files = (
			);
			inputPaths = (
			);
			name = "[CP] Embed Pods Frameworks";
			outputPaths = (
			);
			runOnlyForDeploymentPostprocessing = 0;
			shellPath = /bin/sh;
			shellScript = "\"${SRCROOT}/Pods/Target Support Files/Pods-Login/Pods-Login-frameworks.sh\"\n";
			showEnvVarsInLog = 0;
		};
/* End PBXShellScriptBuildPhase section */

/* Begin PBXSourcesBuildPhase section */
		55919C911E5163A200446D7E /* Sources */ = {
			isa = PBXSourcesBuildPhase;
			buildActionMask = 2147483647;
			files = (
				55919CF11E51659F00446D7E /* FingerprintIdentification.m in Sources */,
				55919CEE1E51659F00446D7E /* UIButton+ImageTitleStyle.m in Sources */,
				55919CA01E5163A200446D7E /* ViewController.m in Sources */,
				55919CF81E51659F00446D7E /* FLLoginViewController.m in Sources */,
				55919CF01E51659F00446D7E /* FlRootViewController.m in Sources */,
				55919CF71E51659F00446D7E /* LoginTextFiledView.m in Sources */,
				55919CF51E51659F00446D7E /* FLLoginViewModel.m in Sources */,
				55919C9D1E5163A200446D7E /* AppDelegate.m in Sources */,
				55919C9A1E5163A200446D7E /* main.m in Sources */,
				55919CF41E51659F00446D7E /* FLAutoLogin.m in Sources */,
				55919CEF1E51659F00446D7E /* FLNavigationViewController.m in Sources */,
				55919CF21E51659F00446D7E /* FLNumCountDown.m in Sources */,
				55919CED1E51659F00446D7E /* NSString+Extension.m in Sources */,
				55919CF61E51659F00446D7E /* FLLoginView.m in Sources */,
				55919CF31E51659F00446D7E /* SSKeychain.m in Sources */,
			);
			runOnlyForDeploymentPostprocessing = 0;
		};
		55919CAA1E5163A200446D7E /* Sources */ = {
			isa = PBXSourcesBuildPhase;
			buildActionMask = 2147483647;
			files = (
				55919CB31E5163A200446D7E /* LoginTests.m in Sources */,
			);
			runOnlyForDeploymentPostprocessing = 0;
		};
		55919CB51E5163A200446D7E /* Sources */ = {
			isa = PBXSourcesBuildPhase;
			buildActionMask = 2147483647;
			files = (
				55919CBE1E5163A200446D7E /* LoginUITests.m in Sources */,
			);
			runOnlyForDeploymentPostprocessing = 0;
		};
/* End PBXSourcesBuildPhase section */

/* Begin PBXTargetDependency section */
		55919CB01E5163A200446D7E /* PBXTargetDependency */ = {
			isa = PBXTargetDependency;
			target = 55919C941E5163A200446D7E /* Login */;
			targetProxy = 55919CAF1E5163A200446D7E /* PBXContainerItemProxy */;
		};
		55919CBB1E5163A200446D7E /* PBXTargetDependency */ = {
			isa = PBXTargetDependency;
			target = 55919C941E5163A200446D7E /* Login */;
			targetProxy = 55919CBA1E5163A200446D7E /* PBXContainerItemProxy */;
		};
/* End PBXTargetDependency section */

/* Begin PBXVariantGroup section */
		55919CA11E5163A200446D7E /* Main.storyboard */ = {
			isa = PBXVariantGroup;
			children = (
				55919CA21E5163A200446D7E /* Base */,
			);
			name = Main.storyboard;
			sourceTree = "<group>";
		};
		55919CA61E5163A200446D7E /* LaunchScreen.storyboard */ = {
			isa = PBXVariantGroup;
			children = (
				55919CA71E5163A200446D7E /* Base */,
			);
			name = LaunchScreen.storyboard;
			sourceTree = "<group>";
		};
/* End PBXVariantGroup section */

/* Begin XCBuildConfiguration section */
		55919CC01E5163A200446D7E /* Debug */ = {
			isa = XCBuildConfiguration;
			buildSettings = {
				ALWAYS_SEARCH_USER_PATHS = NO;
				CLANG_ANALYZER_NONNULL = YES;
				CLANG_CXX_LANGUAGE_STANDARD = "gnu++0x";
				CLANG_CXX_LIBRARY = "libc++";
				CLANG_ENABLE_MODULES = YES;
				CLANG_ENABLE_OBJC_ARC = YES;
				CLANG_WARN_BOOL_CONVERSION = YES;
				CLANG_WARN_CONSTANT_CONVERSION = YES;
				CLANG_WARN_DIRECT_OBJC_ISA_USAGE = YES_ERROR;
				CLANG_WARN_EMPTY_BODY = YES;
				CLANG_WARN_ENUM_CONVERSION = YES;
				CLANG_WARN_INT_CONVERSION = YES;
				CLANG_WARN_OBJC_ROOT_CLASS = YES_ERROR;
				CLANG_WARN_UNREACHABLE_CODE = YES;
				CLANG_WARN__DUPLICATE_METHOD_MATCH = YES;
				"CODE_SIGN_IDENTITY[sdk=iphoneos*]" = "iPhone Developer";
				COPY_PHASE_STRIP = NO;
				DEBUG_INFORMATION_FORMAT = dwarf;
				ENABLE_STRICT_OBJC_MSGSEND = YES;
				ENABLE_TESTABILITY = YES;
				GCC_C_LANGUAGE_STANDARD = gnu99;
				GCC_DYNAMIC_NO_PIC = NO;
				GCC_NO_COMMON_BLOCKS = YES;
				GCC_OPTIMIZATION_LEVEL = 0;
				GCC_PREPROCESSOR_DEFINITIONS = (
					"DEBUG=1",
					"$(inherited)",
				);
				GCC_WARN_64_TO_32_BIT_CONVERSION = YES;
				GCC_WARN_ABOUT_RETURN_TYPE = YES_ERROR;
				GCC_WARN_UNDECLARED_SELECTOR = YES;
				GCC_WARN_UNINITIALIZED_AUTOS = YES_AGGRESSIVE;
				GCC_WARN_UNUSED_FUNCTION = YES;
				GCC_WARN_UNUSED_VARIABLE = YES;
				IPHONEOS_DEPLOYMENT_TARGET = 9.3;
				MTL_ENABLE_DEBUG_INFO = YES;
				ONLY_ACTIVE_ARCH = YES;
				SDKROOT = iphoneos;
			};
			name = Debug;
		};
		55919CC11E5163A200446D7E /* Release */ = {
			isa = XCBuildConfiguration;
			buildSettings = {
				ALWAYS_SEARCH_USER_PATHS = NO;
				CLANG_ANALYZER_NONNULL = YES;
				CLANG_CXX_LANGUAGE_STANDARD = "gnu++0x";
				CLANG_CXX_LIBRARY = "libc++";
				CLANG_ENABLE_MODULES = YES;
				CLANG_ENABLE_OBJC_ARC = YES;
				CLANG_WARN_BOOL_CONVERSION = YES;
				CLANG_WARN_CONSTANT_CONVERSION = YES;
				CLANG_WARN_DIRECT_OBJC_ISA_USAGE = YES_ERROR;
				CLANG_WARN_EMPTY_BODY = YES;
				CLANG_WARN_ENUM_CONVERSION = YES;
				CLANG_WARN_INT_CONVERSION = YES;
				CLANG_WARN_OBJC_ROOT_CLASS = YES_ERROR;
				CLANG_WARN_UNREACHABLE_CODE = YES;
				CLANG_WARN__DUPLICATE_METHOD_MATCH = YES;
				"CODE_SIGN_IDENTITY[sdk=iphoneos*]" = "iPhone Developer";
				COPY_PHASE_STRIP = NO;
				DEBUG_INFORMATION_FORMAT = "dwarf-with-dsym";
				ENABLE_NS_ASSERTIONS = NO;
				ENABLE_STRICT_OBJC_MSGSEND = YES;
				GCC_C_LANGUAGE_STANDARD = gnu99;
				GCC_NO_COMMON_BLOCKS = YES;
				GCC_WARN_64_TO_32_BIT_CONVERSION = YES;
				GCC_WARN_ABOUT_RETURN_TYPE = YES_ERROR;
				GCC_WARN_UNDECLARED_SELECTOR = YES;
				GCC_WARN_UNINITIALIZED_AUTOS = YES_AGGRESSIVE;
				GCC_WARN_UNUSED_FUNCTION = YES;
				GCC_WARN_UNUSED_VARIABLE = YES;
				IPHONEOS_DEPLOYMENT_TARGET = 9.3;
				MTL_ENABLE_DEBUG_INFO = NO;
				SDKROOT = iphoneos;
				VALIDATE_PRODUCT = YES;
			};
			name = Release;
		};
		55919CC31E5163A200446D7E /* Debug */ = {
			isa = XCBuildConfiguration;
			baseConfigurationReference = 6FBDB1F3DAECBDFED4104DE7 /* Pods-Login.debug.xcconfig */;
			buildSettings = {
				ASSETCATALOG_COMPILER_APPICON_NAME = AppIcon;
				GCC_PREFIX_HEADER = "$(SRCROOT)/Login/FLHeader.pch";
				INFOPLIST_FILE = Login/Info.plist;
				LD_RUNPATH_SEARCH_PATHS = "$(inherited) @executable_path/Frameworks";
				PRODUCT_BUNDLE_IDENTIFIER = ZZLing.Login;
				PRODUCT_NAME = "$(TARGET_NAME)";
			};
			name = Debug;
		};
		55919CC41E5163A200446D7E /* Release */ = {
			isa = XCBuildConfiguration;
			baseConfigurationReference = 65EC1D0E0BB50E5D195EC1AE /* Pods-Login.release.xcconfig */;
			buildSettings = {
				ASSETCATALOG_COMPILER_APPICON_NAME = AppIcon;
				GCC_PREFIX_HEADER = "$(SRCROOT)/Login/FLHeader.pch";
				INFOPLIST_FILE = Login/Info.plist;
				LD_RUNPATH_SEARCH_PATHS = "$(inherited) @executable_path/Frameworks";
				PRODUCT_BUNDLE_IDENTIFIER = ZZLing.Login;
				PRODUCT_NAME = "$(TARGET_NAME)";
			};
			name = Release;
		};
		55919CC61E5163A200446D7E /* Debug */ = {
			isa = XCBuildConfiguration;
			buildSettings = {
				BUNDLE_LOADER = "$(TEST_HOST)";
				INFOPLIST_FILE = LoginTests/Info.plist;
				LD_RUNPATH_SEARCH_PATHS = "$(inherited) @executable_path/Frameworks @loader_path/Frameworks";
				PRODUCT_BUNDLE_IDENTIFIER = ZZLing.LoginTests;
				PRODUCT_NAME = "$(TARGET_NAME)";
				TEST_HOST = "$(BUILT_PRODUCTS_DIR)/Login.app/Login";
			};
			name = Debug;
		};
		55919CC71E5163A200446D7E /* Release */ = {
			isa = XCBuildConfiguration;
			buildSettings = {
				BUNDLE_LOADER = "$(TEST_HOST)";
				INFOPLIST_FILE = LoginTests/Info.plist;
				LD_RUNPATH_SEARCH_PATHS = "$(inherited) @executable_path/Frameworks @loader_path/Frameworks";
				PRODUCT_BUNDLE_IDENTIFIER = ZZLing.LoginTests;
				PRODUCT_NAME = "$(TARGET_NAME)";
				TEST_HOST = "$(BUILT_PRODUCTS_DIR)/Login.app/Login";
			};
			name = Release;
		};
		55919CC91E5163A200446D7E /* Debug */ = {
			isa = XCBuildConfiguration;
			buildSettings = {
				INFOPLIST_FILE = LoginUITests/Info.plist;
				LD_RUNPATH_SEARCH_PATHS = "$(inherited) @executable_path/Frameworks @loader_path/Frameworks";
				PRODUCT_BUNDLE_IDENTIFIER = ZZLing.LoginUITests;
				PRODUCT_NAME = "$(TARGET_NAME)";
				TEST_TARGET_NAME = Login;
			};
			name = Debug;
		};
		55919CCA1E5163A200446D7E /* Release */ = {
			isa = XCBuildConfiguration;
			buildSettings = {
				INFOPLIST_FILE = LoginUITests/Info.plist;
				LD_RUNPATH_SEARCH_PATHS = "$(inherited) @executable_path/Frameworks @loader_path/Frameworks";
				PRODUCT_BUNDLE_IDENTIFIER = ZZLing.LoginUITests;
				PRODUCT_NAME = "$(TARGET_NAME)";
				TEST_TARGET_NAME = Login;
			};
			name = Release;
		};
/* End XCBuildConfiguration section */

/* Begin XCConfigurationList section */
		55919C901E5163A200446D7E /* Build configuration list for PBXProject "Login" */ = {
			isa = XCConfigurationList;
			buildConfigurations = (
				55919CC01E5163A200446D7E /* Debug */,
				55919CC11E5163A200446D7E /* Release */,
			);
			defaultConfigurationIsVisible = 0;
			defaultConfigurationName = Release;
		};
		55919CC21E5163A200446D7E /* Build configuration list for PBXNativeTarget "Login" */ = {
			isa = XCConfigurationList;
			buildConfigurations = (
				55919CC31E5163A200446D7E /* Debug */,
				55919CC41E5163A200446D7E /* Release */,
			);
			defaultConfigurationIsVisible = 0;
			defaultConfigurationName = Release;
		};
		55919CC51E5163A200446D7E /* Build configuration list for PBXNativeTarget "LoginTests" */ = {
			isa = XCConfigurationList;
			buildConfigurations = (
				55919CC61E5163A200446D7E /* Debug */,
				55919CC71E5163A200446D7E /* Release */,
			);
			defaultConfigurationIsVisible = 0;
			defaultConfigurationName = Release;
		};
		55919CC81E5163A200446D7E /* Build configuration list for PBXNativeTarget "LoginUITests" */ = {
			isa = XCConfigurationList;
			buildConfigurations = (
				55919CC91E5163A200446D7E /* Debug */,
				55919CCA1E5163A200446D7E /* Release */,
			);
			defaultConfigurationIsVisible = 0;
			defaultConfigurationName = Release;
		};
/* End XCConfigurationList section */
	};
	rootObject = 55919C8D1E5163A200446D7E /* Project object */;
}
